
Microsoft Visual Studio Solution File, Format Version 12.00
# Visual Studio Version 17
VisualStudioVersion = 17.11.35208.52
MinimumVisualStudioVersion = 10.0.40219.1
Project("{FAE04EC0-301F-11D3-BF4B-00C04F79EFBC}") = "Laboratorio31", "Laboratorio31\Laboratorio31.csproj", "{483BBD9F-B906-47DA-A903-D850ED858949}"
EndProject
Project("{FAE04EC0-301F-11D3-BF4B-00C04F79EFBC}") = "Laboratorio32", "Laboratorio32\Laboratorio32.csproj", "{128CD966-7F5C-422D-B7EF-B65927A24B0D}"
EndProject
Project("{FAE04EC0-301F-11D3-BF4B-00C04F79EFBC}") = "Laboratorio33", "Laboratorio33\Laboratorio33.csproj", "{72AD1D51-70CC-48C5-B201-3CE3F5A7384D}"
EndProject
Global
	GlobalSection(SolutionConfigurationPlatforms) = preSolution
		Debug|Any CPU = Debug|Any CPU
		Release|Any CPU = Release|Any CPU
	EndGlobalSection
	GlobalSection(ProjectConfigurationPlatforms) = postSolution
		{483BBD9F-B906-47DA-A903-D850ED858949}.Debug|Any CPU.ActiveCfg = Debug|Any CPU
		{483BBD9F-B906-47DA-A903-D850ED858949}.Debug|Any CPU.Build.0 = Debug|Any CPU
		{483BBD9F-B906-47DA-A903-D850ED858949}.Release|Any CPU.ActiveCfg = Release|Any CPU
		{483BBD9F-B906-47DA-A903-D850ED858949}.Release|Any CPU.Build.0 = Release|Any CPU
		{128CD966-7F5C-422D-B7EF-B65927A24B0D}.Debug|Any CPU.ActiveCfg = Debug|Any CPU
		{128CD966-7F5C-422D-B7EF-B65927A24B0D}.Debug|Any CPU.Build.0 = Debug|Any CPU
		{128CD966-7F5C-422D-B7EF-B65927A24B0D}.Release|Any CPU.ActiveCfg = Release|Any CPU
		{128CD966-7F5C-422D-B7EF-B65927A24B0D}.Release|Any CPU.Build.0 = Release|Any CPU
		{72AD1D51-70CC-48C5-B201-3CE3F5A7384D}.Debug|Any CPU.ActiveCfg = Debug|Any CPU
		{72AD1D51-70CC-48C5-B201-3CE3F5A7384D}.Debug|Any CPU.Build.0 = Debug|Any CPU
		{72AD1D51-70CC-48C5-B201-3CE3F5A7384D}.Release|Any CPU.ActiveCfg = Release|Any CPU
		{72AD1D51-70CC-48C5-B201-3CE3F5A7384D}.Release|Any CPU.Build.0 = Release|Any CPU
	EndGlobalSection
	GlobalSection(SolutionProperties) = preSolution
		HideSolutionNode = FALSE
	EndGlobalSection
	GlobalSection(ExtensibilityGlobals) = postSolution
		SolutionGuid = {6203E9A7-350D-484D-92DC-69874961CE0B}
	EndGlobalSection
EndGlobal
