
Microsoft Visual Studio Solution File, Format Version 12.00
# Visual Studio Version 17
VisualStudioVersion = 17.11.35208.52
MinimumVisualStudioVersion = 10.0.40219.1
Project("{FAE04EC0-301F-11D3-BF4B-00C04F79EFBC}") = "Laboratorio_91", "Laboratorio_91\Laboratorio_91.csproj", "{91A3519E-00FA-438C-8687-A0C15DE838D0}"
EndProject
Project("{FAE04EC0-301F-11D3-BF4B-00C04F79EFBC}") = "Laboratorio92", "Laboratorio92\Laboratorio92.csproj", "{C0788965-D9E5-40FA-BDE6-5A3BFCE9CFAB}"
EndProject
Project("{FAE04EC0-301F-11D3-BF4B-00C04F79EFBC}") = "Laboratorio93", "Laboratorio93\Laboratorio93.csproj", "{8E2B25EA-A13C-47E0-8E76-24A131AA81C8}"
EndProject
Project("{FAE04EC0-301F-11D3-BF4B-00C04F79EFBC}") = "Laboratorio94", "Laboratorio94\Laboratorio94.csproj", "{00B5435E-2586-43DF-8335-5890FE094214}"
EndProject
Project("{FAE04EC0-301F-11D3-BF4B-00C04F79EFBC}") = "Laboratorio95", "Laboratorio95\Laboratorio95.csproj", "{E6CAC355-A160-4D5E-9D53-BE43EAC7AEB4}"
EndProject
Global
	GlobalSection(SolutionConfigurationPlatforms) = preSolution
		Debug|Any CPU = Debug|Any CPU
		Release|Any CPU = Release|Any CPU
	EndGlobalSection
	GlobalSection(ProjectConfigurationPlatforms) = postSolution
		{91A3519E-00FA-438C-8687-A0C15DE838D0}.Debug|Any CPU.ActiveCfg = Debug|Any CPU
		{91A3519E-00FA-438C-8687-A0C15DE838D0}.Debug|Any CPU.Build.0 = Debug|Any CPU
		{91A3519E-00FA-438C-8687-A0C15DE838D0}.Release|Any CPU.ActiveCfg = Release|Any CPU
		{91A3519E-00FA-438C-8687-A0C15DE838D0}.Release|Any CPU.Build.0 = Release|Any CPU
		{C0788965-D9E5-40FA-BDE6-5A3BFCE9CFAB}.Debug|Any CPU.ActiveCfg = Debug|Any CPU
		{C0788965-D9E5-40FA-BDE6-5A3BFCE9CFAB}.Debug|Any CPU.Build.0 = Debug|Any CPU
		{C0788965-D9E5-40FA-BDE6-5A3BFCE9CFAB}.Release|Any CPU.ActiveCfg = Release|Any CPU
		{C0788965-D9E5-40FA-BDE6-5A3BFCE9CFAB}.Release|Any CPU.Build.0 = Release|Any CPU
		{8E2B25EA-A13C-47E0-8E76-24A131AA81C8}.Debug|Any CPU.ActiveCfg = Debug|Any CPU
		{8E2B25EA-A13C-47E0-8E76-24A131AA81C8}.Debug|Any CPU.Build.0 = Debug|Any CPU
		{8E2B25EA-A13C-47E0-8E76-24A131AA81C8}.Release|Any CPU.ActiveCfg = Release|Any CPU
		{8E2B25EA-A13C-47E0-8E76-24A131AA81C8}.Release|Any CPU.Build.0 = Release|Any CPU
		{00B5435E-2586-43DF-8335-5890FE094214}.Debug|Any CPU.ActiveCfg = Debug|Any CPU
		{00B5435E-2586-43DF-8335-5890FE094214}.Debug|Any CPU.Build.0 = Debug|Any CPU
		{00B5435E-2586-43DF-8335-5890FE094214}.Release|Any CPU.ActiveCfg = Release|Any CPU
		{00B5435E-2586-43DF-8335-5890FE094214}.Release|Any CPU.Build.0 = Release|Any CPU
		{E6CAC355-A160-4D5E-9D53-BE43EAC7AEB4}.Debug|Any CPU.ActiveCfg = Debug|Any CPU
		{E6CAC355-A160-4D5E-9D53-BE43EAC7AEB4}.Debug|Any CPU.Build.0 = Debug|Any CPU
		{E6CAC355-A160-4D5E-9D53-BE43EAC7AEB4}.Release|Any CPU.ActiveCfg = Release|Any CPU
		{E6CAC355-A160-4D5E-9D53-BE43EAC7AEB4}.Release|Any CPU.Build.0 = Release|Any CPU
	EndGlobalSection
	GlobalSection(SolutionProperties) = preSolution
		HideSolutionNode = FALSE
	EndGlobalSection
	GlobalSection(ExtensibilityGlobals) = postSolution
		SolutionGuid = {84E75F8B-E79A-4621-8E89-4F061AA92C77}
	EndGlobalSection
EndGlobal
