
Microsoft Visual Studio Solution File, Format Version 12.00
# Visual Studio Version 17
VisualStudioVersion = 17.11.35208.52
MinimumVisualStudioVersion = 10.0.40219.1
Project("{FAE04EC0-301F-11D3-BF4B-00C04F79EFBC}") = "Calculadora", "Calculadora\Calculadora.csproj", "{EEFDBB25-D9BD-4A44-A3DF-A82F8B3CD39D}"
EndProject
Global
	GlobalSection(SolutionConfigurationPlatforms) = preSolution
		Debug|Any CPU = Debug|Any CPU
		Release|Any CPU = Release|Any CPU
	EndGlobalSection
	GlobalSection(ProjectConfigurationPlatforms) = postSolution
		{EEFDBB25-D9BD-4A44-A3DF-A82F8B3CD39D}.Debug|Any CPU.ActiveCfg = Debug|Any CPU
		{EEFDBB25-D9BD-4A44-A3DF-A82F8B3CD39D}.Debug|Any CPU.Build.0 = Debug|Any CPU
		{EEFDBB25-D9BD-4A44-A3DF-A82F8B3CD39D}.Release|Any CPU.ActiveCfg = Release|Any CPU
		{EEFDBB25-D9BD-4A44-A3DF-A82F8B3CD39D}.Release|Any CPU.Build.0 = Release|Any CPU
	EndGlobalSection
	GlobalSection(SolutionProperties) = preSolution
		HideSolutionNode = FALSE
	EndGlobalSection
	GlobalSection(ExtensibilityGlobals) = postSolution
		SolutionGuid = {DF62C99E-8914-4DFE-B061-58366E89286D}
	EndGlobalSection
EndGlobal
