
Microsoft Visual Studio Solution File, Format Version 12.00
# Visual Studio Version 17
VisualStudioVersion = 17.11.35208.52
MinimumVisualStudioVersion = 10.0.40219.1
Project("{FAE04EC0-301F-11D3-BF4B-00C04F79EFBC}") = "Lab 71", "Lab 71\Lab 71.csproj", "{B806D878-41A7-4F98-B174-65298C151B4F}"
EndProject
Project("{FAE04EC0-301F-11D3-BF4B-00C04F79EFBC}") = "Lab 72", "Lab 72\Lab 72.csproj", "{A0E56317-4F33-4420-9570-266A4250E28C}"
EndProject
Global
	GlobalSection(SolutionConfigurationPlatforms) = preSolution
		Debug|Any CPU = Debug|Any CPU
		Release|Any CPU = Release|Any CPU
	EndGlobalSection
	GlobalSection(ProjectConfigurationPlatforms) = postSolution
		{B806D878-41A7-4F98-B174-65298C151B4F}.Debug|Any CPU.ActiveCfg = Debug|Any CPU
		{B806D878-41A7-4F98-B174-65298C151B4F}.Debug|Any CPU.Build.0 = Debug|Any CPU
		{B806D878-41A7-4F98-B174-65298C151B4F}.Release|Any CPU.ActiveCfg = Release|Any CPU
		{B806D878-41A7-4F98-B174-65298C151B4F}.Release|Any CPU.Build.0 = Release|Any CPU
		{A0E56317-4F33-4420-9570-266A4250E28C}.Debug|Any CPU.ActiveCfg = Debug|Any CPU
		{A0E56317-4F33-4420-9570-266A4250E28C}.Debug|Any CPU.Build.0 = Debug|Any CPU
		{A0E56317-4F33-4420-9570-266A4250E28C}.Release|Any CPU.ActiveCfg = Release|Any CPU
		{A0E56317-4F33-4420-9570-266A4250E28C}.Release|Any CPU.Build.0 = Release|Any CPU
	EndGlobalSection
	GlobalSection(SolutionProperties) = preSolution
		HideSolutionNode = FALSE
	EndGlobalSection
	GlobalSection(ExtensibilityGlobals) = postSolution
		SolutionGuid = {807BAB9E-44F6-43E0-8F3D-54A3501EDD05}
	EndGlobalSection
EndGlobal
